<?xml version="1.0" encoding="utf-8"?>
<Project ToolsVersion="4.0" xmlns="http://schemas.microsoft.com/developer/msbuild/2003">
  <ItemGroup>
    <Filter Include="Source Files">
      <UniqueIdentifier>{4FC737F1-C7A5-4376-A066-2A32D752A2FF}</UniqueIdentifier>
      <Extensions>cpp;c;cc;cxx;def;odl;idl;hpj;bat;asm;asmx</Extensions>
    </Filter>
    <Filter Include="Header Files">
      <UniqueIdentifier>{93995380-89BD-4b04-88EB-625FBE52EBFB}</UniqueIdentifier>
      <Extensions>h;hh;hpp;hxx;hm;inl;inc;xsd</Extensions>
    </Filter>
    <Filter Include="Resource Files">
      <UniqueIdentifier>{67DA6AB6-F800-4c08-8B7A-83BB121AAD01}</UniqueIdentifier>
      <Extensions>rc;ico;cur;bmp;dlg;rc2;rct;bin;rgs;gif;jpg;jpeg;jpe;resx;tiff;tif;png;wav;mfcribbon-ms</Extensions>
    </Filter>
    <Filter Include="Header Files\Loaders">
      <UniqueIdentifier>{c29267f8-aa2c-4e34-a9e2-17d26bc54a8f}</UniqueIdentifier>
    </Filter>
    <Filter Include="Source Files\Loaders">
      <UniqueIdentifier>{d5020d60-18ce-4332-9d19-69a75839e942}</UniqueIdentifier>
    </Filter>
    <Filter Include="Header Files\System">
      <UniqueIdentifier>{16a74900-05b2-4b57-bc08-fad5575756ed}</UniqueIdentifier>
    </Filter>
    <Filter Include="Source Files\System">
      <UniqueIdentifier>{978a15df-9626-4874-a3d5-fabaf010ff2d}</UniqueIdentifier>
    </Filter>
    <Filter Include="Header Files\Loaders\Factory">
      <UniqueIdentifier>{3b7fa9e4-21a2-4b94-845e-63c12d31a255}</UniqueIdentifier>
    </Filter>
    <Filter Include="Source Files\Loaders\Factory">
      <UniqueIdentifier>{b6fdf4d0-09fd-4c3f-bc93-803226dc0f60}</UniqueIdentifier>
    </Filter>
    <Filter Include="Source Files\System\dynamic_obj_actions">
      <UniqueIdentifier>{c0f3bf00-a60e-4783-8ccb-8ceb92707f59}</UniqueIdentifier>
    </Filter>
    <Filter Include="Header Files\System\dynamic_obj_actions">
      <UniqueIdentifier>{47754831-df5d-49df-9e26-997ea6dee9ce}</UniqueIdentifier>
    </Filter>
  </ItemGroup>
  <ItemGroup>
    <ClCompile Include="src\main.cpp">
      <Filter>Source Files</Filter>
    </ClCompile>
    <ClCompile Include="src\cls_game.cpp">
      <Filter>Source Files\System</Filter>
    </ClCompile>
    <ClCompile Include="includes\texture_loader.cpp">
      <Filter>Source Files\Loaders</Filter>
    </ClCompile>
    <ClCompile Include="src\display_object.cpp">
      <Filter>Source Files\System</Filter>
    </ClCompile>
    <ClCompile Include="src\image_object.cpp">
      <Filter>Source Files\System</Filter>
    </ClCompile>
    <ClCompile Include="src\text_object.cpp">
      <Filter>Source Files\System</Filter>
    </ClCompile>
    <ClCompile Include="src\Shader_Setup.cpp">
      <Filter>Source Files\Loaders</Filter>
    </ClCompile>
    <ClCompile Include="src\factory.cpp">
      <Filter>Source Files\Loaders\Factory</Filter>
    </ClCompile>
    <ClCompile Include="src\dynamic_image_obj.cpp">
      <Filter>Source Files\System</Filter>
    </ClCompile>
    <ClCompile Include="src\player_object.cpp">
      <Filter>Source Files\System</Filter>
    </ClCompile>
    <ClCompile Include="src\dynamic_obj_action.cpp">
      <Filter>Source Files\System\dynamic_obj_actions</Filter>
    </ClCompile>
    <ClCompile Include="src\explosion_object.cpp">
      <Filter>Source Files\System</Filter>
    </ClCompile>
    <ClCompile Include="src\action_shoot.cpp">
      <Filter>Source Files\System\dynamic_obj_actions</Filter>
    </ClCompile>
    <ClCompile Include="src\level.cpp">
      <Filter>Source Files\System</Filter>
    </ClCompile>
  </ItemGroup>
  <ItemGroup>
    <ClInclude Include="src\cls_game.h">
      <Filter>Header Files\System</Filter>
    </ClInclude>
    <ClInclude Include="includes\texture_loader.h">
      <Filter>Header Files\Loaders</Filter>
    </ClInclude>
    <ClInclude Include="src\defines.h">
      <Filter>Header Files</Filter>
    </ClInclude>
    <ClInclude Include="src\display_object.h">
      <Filter>Header Files\System</Filter>
    </ClInclude>
    <ClInclude Include="src\image_object.h">
      <Filter>Header Files\System</Filter>
    </ClInclude>
    <ClInclude Include="src\text_object.h">
      <Filter>Header Files\System</Filter>
    </ClInclude>
    <ClInclude Include="src\Shader_Setup.h">
      <Filter>Header Files\Loaders</Filter>
    </ClInclude>
    <ClInclude Include="src\factory.h">
      <Filter>Header Files\Loaders\Factory</Filter>
    </ClInclude>
    <ClInclude Include="src\dynamic_image_obj.h">
      <Filter>Header Files\System</Filter>
    </ClInclude>
    <ClInclude Include="src\player_object.h">
      <Filter>Header Files\System</Filter>
    </ClInclude>
    <ClInclude Include="src\game_messages.h">
      <Filter>Header Files\System</Filter>
    </ClInclude>
    <ClInclude Include="src\dynamic_obj_action.h">
      <Filter>Header Files\System\dynamic_obj_actions</Filter>
    </ClInclude>
    <ClInclude Include="src\explosion_object.h">
      <Filter>Header Files\System</Filter>
    </ClInclude>
    <ClInclude Include="src\action_shoot.h">
      <Filter>Header Files\System\dynamic_obj_actions</Filter>
    </ClInclude>
    <ClInclude Include="src\level.h">
      <Filter>Header Files\System</Filter>
    </ClInclude>
  </ItemGroup>
  <ItemGroup>
    <None Include="Resourses\shaders\basic_fragment_shader.frag">
      <Filter>Resource Files</Filter>
    </None>
    <None Include="Resourses\shaders\basic_vertex_shader.vert">
      <Filter>Resource Files</Filter>
    </None>
    <None Include="Resourses\shaders\texture_fragment_shader.frag">
      <Filter>Resource Files</Filter>
    </None>
    <None Include="Resourses\shaders\vertex_shader_Matrix.vert">
      <Filter>Resource Files</Filter>
    </None>
  </ItemGroup>
</Project>